PODS:
  - Capacitor (4.8.0):
    - CapacitorCordova
  - CapacitorApp (4.1.1):
    - Capacitor
  - CapacitorCordova (4.8.0)
  - CapacitorSplashScreen (4.2.0):
    - Capacitor
  - HyperSDK (2.1.34):
    - JuspaySafeBrowser (= 0.1.80)
    - Salvator (= 1.0.5)
  - HyperSdkCapacitor (3.0.9):
    - Capacitor
    - HyperSDK (= 2.1.34)
  - JuspaySafeBrowser (0.1.80)
  - Salvator (1.0.5)

DEPENDENCIES:
  - "Capacitor (from `../../node_modules/@capacitor/ios`)"
  - "CapacitorApp (from `../../node_modules/@capacitor/app`)"
  - "CapacitorCordova (from `../../node_modules/@capacitor/ios`)"
  - "CapacitorSplashScreen (from `../../node_modules/@capacitor/splash-screen`)"
  - HyperSdkCapacitor (from `../../..`)

SPEC REPOS:
  trunk:
    - HyperSDK
    - JuspaySafeBrowser
    - Salvator

EXTERNAL SOURCES:
  Capacitor:
    :path: "../../node_modules/@capacitor/ios"
  CapacitorApp:
    :path: "../../node_modules/@capacitor/app"
  CapacitorCordova:
    :path: "../../node_modules/@capacitor/ios"
  CapacitorSplashScreen:
    :path: "../../node_modules/@capacitor/splash-screen"
  HyperSdkCapacitor:
    :path: "../../.."

SPEC CHECKSUMS:
  Capacitor: 6002aadd64492438e5242325025045235dcb7e84
  CapacitorApp: acd42fe8561fe751ad5b5f459aa85e6acd7bee24
  CapacitorCordova: c6249dcb2cf04dd835c0e99df1df4b9c8ad997e2
  CapacitorSplashScreen: 6b1c832e6f822ad1ef05073dc31dfeca02bc03a3
  HyperSDK: 69875c51c54cf27f77be8493d615e3ad5ddad6e2
  HyperSdkCapacitor: 300a944eb02f910643966a98d235f1b89bcfdb4a
  JuspaySafeBrowser: 7005eb12b612967cf9768d8370cf1ef9ae879880
  Salvator: 90f77a49b9a7e2b512088d0091ba540bdb5de0b1

PODFILE CHECKSUM: ebf31f16be29d1c16022be70f96245b358af5a4e

COCOAPODS: 1.12.1
